
Microsoft Visual Studio Solution File, Format Version 12.00
# Visual Studio 15
VisualStudioVersion = 15.0.28307.102
MinimumVisualStudioVersion = 10.0.40219.1
Project("{9A19103F-16F7-4668-BE54-9A1E7A4F7556}") = "P01.Ages", "P01.Ages\P01.Ages.csproj", "{BD156EFC-6AEB-42EB-8DDA-C763BF01C6F2}"
EndProject
Project("{9A19103F-16F7-4668-BE54-9A1E7A4F7556}") = "P02.Division", "P02.Division\P02.Division.csproj", "{7281C351-194A-4607-9665-316CDA7C1093}"
EndProject
Project("{FAE04EC0-301F-11D3-BF4B-00C04F79EFBC}") = "P03.Vacation", "P03.Vacation\P03.Vacation.csproj", "{7189E8CE-ACDA-4A32-A1A9-FF1E136ED15B}"
EndProject
Project("{FAE04EC0-301F-11D3-BF4B-00C04F79EFBC}") = "P04.PrintAndSum", "P04.PrintAndSum\P04.PrintAndSum.csproj", "{D98B17DF-9921-4970-9E86-D82B22044522}"
EndProject
Project("{FAE04EC0-301F-11D3-BF4B-00C04F79EFBC}") = "P05.Login", "P05.Login\P05.Login.csproj", "{530B6D05-D8E6-4321-8E06-B20FC3A81262}"
EndProject
Project("{FAE04EC0-301F-11D3-BF4B-00C04F79EFBC}") = "P06.StrongNumber", "P06.StrongNumber\P06.StrongNumber.csproj", "{FB279CD5-750A-43D9-87B9-86899B19A0D3}"
EndProject
Global
	GlobalSection(SolutionConfigurationPlatforms) = preSolution
		Debug|Any CPU = Debug|Any CPU
		Release|Any CPU = Release|Any CPU
	EndGlobalSection
	GlobalSection(ProjectConfigurationPlatforms) = postSolution
		{BD156EFC-6AEB-42EB-8DDA-C763BF01C6F2}.Debug|Any CPU.ActiveCfg = Debug|Any CPU
		{BD156EFC-6AEB-42EB-8DDA-C763BF01C6F2}.Debug|Any CPU.Build.0 = Debug|Any CPU
		{BD156EFC-6AEB-42EB-8DDA-C763BF01C6F2}.Release|Any CPU.ActiveCfg = Release|Any CPU
		{BD156EFC-6AEB-42EB-8DDA-C763BF01C6F2}.Release|Any CPU.Build.0 = Release|Any CPU
		{7281C351-194A-4607-9665-316CDA7C1093}.Debug|Any CPU.ActiveCfg = Debug|Any CPU
		{7281C351-194A-4607-9665-316CDA7C1093}.Debug|Any CPU.Build.0 = Debug|Any CPU
		{7281C351-194A-4607-9665-316CDA7C1093}.Release|Any CPU.ActiveCfg = Release|Any CPU
		{7281C351-194A-4607-9665-316CDA7C1093}.Release|Any CPU.Build.0 = Release|Any CPU
		{7189E8CE-ACDA-4A32-A1A9-FF1E136ED15B}.Debug|Any CPU.ActiveCfg = Debug|Any CPU
		{7189E8CE-ACDA-4A32-A1A9-FF1E136ED15B}.Debug|Any CPU.Build.0 = Debug|Any CPU
		{7189E8CE-ACDA-4A32-A1A9-FF1E136ED15B}.Release|Any CPU.ActiveCfg = Release|Any CPU
		{7189E8CE-ACDA-4A32-A1A9-FF1E136ED15B}.Release|Any CPU.Build.0 = Release|Any CPU
		{D98B17DF-9921-4970-9E86-D82B22044522}.Debug|Any CPU.ActiveCfg = Debug|Any CPU
		{D98B17DF-9921-4970-9E86-D82B22044522}.Debug|Any CPU.Build.0 = Debug|Any CPU
		{D98B17DF-9921-4970-9E86-D82B22044522}.Release|Any CPU.ActiveCfg = Release|Any CPU
		{D98B17DF-9921-4970-9E86-D82B22044522}.Release|Any CPU.Build.0 = Release|Any CPU
		{530B6D05-D8E6-4321-8E06-B20FC3A81262}.Debug|Any CPU.ActiveCfg = Debug|Any CPU
		{530B6D05-D8E6-4321-8E06-B20FC3A81262}.Debug|Any CPU.Build.0 = Debug|Any CPU
		{530B6D05-D8E6-4321-8E06-B20FC3A81262}.Release|Any CPU.ActiveCfg = Release|Any CPU
		{530B6D05-D8E6-4321-8E06-B20FC3A81262}.Release|Any CPU.Build.0 = Release|Any CPU
		{FB279CD5-750A-43D9-87B9-86899B19A0D3}.Debug|Any CPU.ActiveCfg = Debug|Any CPU
		{FB279CD5-750A-43D9-87B9-86899B19A0D3}.Debug|Any CPU.Build.0 = Debug|Any CPU
		{FB279CD5-750A-43D9-87B9-86899B19A0D3}.Release|Any CPU.ActiveCfg = Release|Any CPU
		{FB279CD5-750A-43D9-87B9-86899B19A0D3}.Release|Any CPU.Build.0 = Release|Any CPU
	EndGlobalSection
	GlobalSection(SolutionProperties) = preSolution
		HideSolutionNode = FALSE
	EndGlobalSection
	GlobalSection(ExtensibilityGlobals) = postSolution
		SolutionGuid = {B466FC80-8CF2-4C00-9D4C-864DE004FAC4}
	EndGlobalSection
EndGlobal
