
Microsoft Visual Studio Solution File, Format Version 12.00
# Visual Studio 15
VisualStudioVersion = 15.0.28307.102
MinimumVisualStudioVersion = 10.0.40219.1
Project("{FAE04EC0-301F-11D3-BF4B-00C04F79EFBC}") = "P01.SignOfIntegerNumbers", "P01.SignOfIntegerNumbers\P01.SignOfIntegerNumbers.csproj", "{C3780C67-89F8-42CC-8F5A-DD107A8134DE}"
EndProject
Project("{FAE04EC0-301F-11D3-BF4B-00C04F79EFBC}") = "P02.Grades", "P02.Grades\P02.Grades.csproj", "{4052F7AE-59B7-4ABC-A4FD-DAAF74CB05F6}"
EndProject
Global
	GlobalSection(SolutionConfigurationPlatforms) = preSolution
		Debug|Any CPU = Debug|Any CPU
		Release|Any CPU = Release|Any CPU
	EndGlobalSection
	GlobalSection(ProjectConfigurationPlatforms) = postSolution
		{C3780C67-89F8-42CC-8F5A-DD107A8134DE}.Debug|Any CPU.ActiveCfg = Debug|Any CPU
		{C3780C67-89F8-42CC-8F5A-DD107A8134DE}.Debug|Any CPU.Build.0 = Debug|Any CPU
		{C3780C67-89F8-42CC-8F5A-DD107A8134DE}.Release|Any CPU.ActiveCfg = Release|Any CPU
		{C3780C67-89F8-42CC-8F5A-DD107A8134DE}.Release|Any CPU.Build.0 = Release|Any CPU
		{4052F7AE-59B7-4ABC-A4FD-DAAF74CB05F6}.Debug|Any CPU.ActiveCfg = Debug|Any CPU
		{4052F7AE-59B7-4ABC-A4FD-DAAF74CB05F6}.Debug|Any CPU.Build.0 = Debug|Any CPU
		{4052F7AE-59B7-4ABC-A4FD-DAAF74CB05F6}.Release|Any CPU.ActiveCfg = Release|Any CPU
		{4052F7AE-59B7-4ABC-A4FD-DAAF74CB05F6}.Release|Any CPU.Build.0 = Release|Any CPU
	EndGlobalSection
	GlobalSection(SolutionProperties) = preSolution
		HideSolutionNode = FALSE
	EndGlobalSection
	GlobalSection(ExtensibilityGlobals) = postSolution
		SolutionGuid = {97CE3902-26B1-4571-BFC3-78CF52001123}
	EndGlobalSection
EndGlobal
