
Microsoft Visual Studio Solution File, Format Version 12.00
# Visual Studio 15
VisualStudioVersion = 15.0.28307.136
MinimumVisualStudioVersion = 10.0.40219.1
Project("{9A19103F-16F7-4668-BE54-9A1E7A4F7556}") = "P01.ExtractPersonInformation", "P01.ExtractPersonInformation\P01.ExtractPersonInformation.csproj", "{45DD6CA6-600A-4269-BD98-5626313EAAFD}"
EndProject
Project("{9A19103F-16F7-4668-BE54-9A1E7A4F7556}") = "P02.AsciiSumator", "P02.AsciiSumator\P02.AsciiSumator.csproj", "{F48E7011-9E16-41A8-B642-57BFADBB2ECE}"
EndProject
Project("{9A19103F-16F7-4668-BE54-9A1E7A4F7556}") = "P03.TreasureFinder", "P03.TreasureFinder\P03.TreasureFinder.csproj", "{D404C7C9-B6A3-45FE-96CC-B472F161DB78}"
EndProject
Project("{FAE04EC0-301F-11D3-BF4B-00C04F79EFBC}") = "P04.MorseCodeTranslator", "P04.MorseCodeTranslator\P04.MorseCodeTranslator.csproj", "{CD75C4A2-12A5-4C3A-8174-5A381A25EAF4}"
EndProject
Project("{FAE04EC0-301F-11D3-BF4B-00C04F79EFBC}") = "P05.HTML", "P05.HTML\P05.HTML.csproj", "{C6FFA3B9-0ED1-48DC-BD67-6EC14B10E72E}"
EndProject
Global
	GlobalSection(SolutionConfigurationPlatforms) = preSolution
		Debug|Any CPU = Debug|Any CPU
		Release|Any CPU = Release|Any CPU
	EndGlobalSection
	GlobalSection(ProjectConfigurationPlatforms) = postSolution
		{45DD6CA6-600A-4269-BD98-5626313EAAFD}.Debug|Any CPU.ActiveCfg = Debug|Any CPU
		{45DD6CA6-600A-4269-BD98-5626313EAAFD}.Debug|Any CPU.Build.0 = Debug|Any CPU
		{45DD6CA6-600A-4269-BD98-5626313EAAFD}.Release|Any CPU.ActiveCfg = Release|Any CPU
		{45DD6CA6-600A-4269-BD98-5626313EAAFD}.Release|Any CPU.Build.0 = Release|Any CPU
		{F48E7011-9E16-41A8-B642-57BFADBB2ECE}.Debug|Any CPU.ActiveCfg = Debug|Any CPU
		{F48E7011-9E16-41A8-B642-57BFADBB2ECE}.Debug|Any CPU.Build.0 = Debug|Any CPU
		{F48E7011-9E16-41A8-B642-57BFADBB2ECE}.Release|Any CPU.ActiveCfg = Release|Any CPU
		{F48E7011-9E16-41A8-B642-57BFADBB2ECE}.Release|Any CPU.Build.0 = Release|Any CPU
		{D404C7C9-B6A3-45FE-96CC-B472F161DB78}.Debug|Any CPU.ActiveCfg = Debug|Any CPU
		{D404C7C9-B6A3-45FE-96CC-B472F161DB78}.Debug|Any CPU.Build.0 = Debug|Any CPU
		{D404C7C9-B6A3-45FE-96CC-B472F161DB78}.Release|Any CPU.ActiveCfg = Release|Any CPU
		{D404C7C9-B6A3-45FE-96CC-B472F161DB78}.Release|Any CPU.Build.0 = Release|Any CPU
		{CD75C4A2-12A5-4C3A-8174-5A381A25EAF4}.Debug|Any CPU.ActiveCfg = Debug|Any CPU
		{CD75C4A2-12A5-4C3A-8174-5A381A25EAF4}.Debug|Any CPU.Build.0 = Debug|Any CPU
		{CD75C4A2-12A5-4C3A-8174-5A381A25EAF4}.Release|Any CPU.ActiveCfg = Release|Any CPU
		{CD75C4A2-12A5-4C3A-8174-5A381A25EAF4}.Release|Any CPU.Build.0 = Release|Any CPU
		{C6FFA3B9-0ED1-48DC-BD67-6EC14B10E72E}.Debug|Any CPU.ActiveCfg = Debug|Any CPU
		{C6FFA3B9-0ED1-48DC-BD67-6EC14B10E72E}.Debug|Any CPU.Build.0 = Debug|Any CPU
		{C6FFA3B9-0ED1-48DC-BD67-6EC14B10E72E}.Release|Any CPU.ActiveCfg = Release|Any CPU
		{C6FFA3B9-0ED1-48DC-BD67-6EC14B10E72E}.Release|Any CPU.Build.0 = Release|Any CPU
	EndGlobalSection
	GlobalSection(SolutionProperties) = preSolution
		HideSolutionNode = FALSE
	EndGlobalSection
	GlobalSection(ExtensibilityGlobals) = postSolution
		SolutionGuid = {F0B06D88-7C56-4E8C-AAAF-87CC9E51F14E}
	EndGlobalSection
EndGlobal
