
Microsoft Visual Studio Solution File, Format Version 12.00
# Visual Studio 15
VisualStudioVersion = 15.0.28307.136
MinimumVisualStudioVersion = 10.0.40219.1
Project("{9A19103F-16F7-4668-BE54-9A1E7A4F7556}") = "P01.Concert", "P01.Concert\P01.Concert.csproj", "{A12DD252-9567-4F8C-840B-71BF892D8DBE}"
EndProject
Project("{FAE04EC0-301F-11D3-BF4B-00C04F79EFBC}") = "P02.SongEncryption", "P02.SongEncryption\P02.SongEncryption.csproj", "{66C89533-005D-4909-B949-F08F22DC0D8A}"
EndProject
Global
	GlobalSection(SolutionConfigurationPlatforms) = preSolution
		Debug|Any CPU = Debug|Any CPU
		Release|Any CPU = Release|Any CPU
	EndGlobalSection
	GlobalSection(ProjectConfigurationPlatforms) = postSolution
		{A12DD252-9567-4F8C-840B-71BF892D8DBE}.Debug|Any CPU.ActiveCfg = Debug|Any CPU
		{A12DD252-9567-4F8C-840B-71BF892D8DBE}.Debug|Any CPU.Build.0 = Debug|Any CPU
		{A12DD252-9567-4F8C-840B-71BF892D8DBE}.Release|Any CPU.ActiveCfg = Release|Any CPU
		{A12DD252-9567-4F8C-840B-71BF892D8DBE}.Release|Any CPU.Build.0 = Release|Any CPU
		{66C89533-005D-4909-B949-F08F22DC0D8A}.Debug|Any CPU.ActiveCfg = Debug|Any CPU
		{66C89533-005D-4909-B949-F08F22DC0D8A}.Debug|Any CPU.Build.0 = Debug|Any CPU
		{66C89533-005D-4909-B949-F08F22DC0D8A}.Release|Any CPU.ActiveCfg = Release|Any CPU
		{66C89533-005D-4909-B949-F08F22DC0D8A}.Release|Any CPU.Build.0 = Release|Any CPU
	EndGlobalSection
	GlobalSection(SolutionProperties) = preSolution
		HideSolutionNode = FALSE
	EndGlobalSection
	GlobalSection(ExtensibilityGlobals) = postSolution
		SolutionGuid = {8F1762E3-B2E0-4851-A025-DC472A297F9F}
	EndGlobalSection
EndGlobal
