
Microsoft Visual Studio Solution File, Format Version 12.00
# Visual Studio 15
VisualStudioVersion = 15.0.28307.102
MinimumVisualStudioVersion = 10.0.40219.1
Project("{FAE04EC0-301F-11D3-BF4B-00C04F79EFBC}") = "P01.Train", "P01.Train\P01.Train.csproj", "{41CA1356-A0DF-40AF-845E-1026E7F767CC}"
EndProject
Project("{FAE04EC0-301F-11D3-BF4B-00C04F79EFBC}") = "P02.ChangeList", "P02.ChangeList\P02.ChangeList.csproj", "{87AF68FA-1402-47B0-BA8C-E09855460613}"
EndProject
Project("{FAE04EC0-301F-11D3-BF4B-00C04F79EFBC}") = "P03.HouseParty", "P03.HouseParty\P03.HouseParty.csproj", "{23D1C29A-A99A-4590-8112-E50AAFED18B9}"
EndProject
Project("{FAE04EC0-301F-11D3-BF4B-00C04F79EFBC}") = "P04.ListOperations", "P04.ListOperations\P04.ListOperations.csproj", "{6CD509E3-5D0B-44C2-9CE8-C6339EC254F0}"
EndProject
Project("{FAE04EC0-301F-11D3-BF4B-00C04F79EFBC}") = "P05.BombNumbers", "P05.BombNumbers\P05.BombNumbers.csproj", "{C69A6C11-79B9-4CCA-B2A9-25B2C242E93D}"
EndProject
Project("{FAE04EC0-301F-11D3-BF4B-00C04F79EFBC}") = "P06.CardsGame", "P06.CardsGame\P06.CardsGame.csproj", "{96BD6BDE-3AD4-4014-B5D2-5D2CB4DB5951}"
EndProject
Project("{FAE04EC0-301F-11D3-BF4B-00C04F79EFBC}") = "P07.AppendArrays", "P07.AppendArrays\P07.AppendArrays.csproj", "{A573FC44-CC08-4636-8868-6D97EC201CA0}"
EndProject
Project("{FAE04EC0-301F-11D3-BF4B-00C04F79EFBC}") = "P08.AnonymousThreat", "P08.AnonymousThreat\P08.AnonymousThreat.csproj", "{D357CF94-A4FB-4590-B2AD-6BD919B2A4BB}"
EndProject
Project("{FAE04EC0-301F-11D3-BF4B-00C04F79EFBC}") = "P09.PokemonDon_tGo", "P09.PokemonDon_tGo\P09.PokemonDon_tGo.csproj", "{D6691168-BCC6-4913-B9B5-17967A4F0947}"
EndProject
Project("{FAE04EC0-301F-11D3-BF4B-00C04F79EFBC}") = "P10.SoftUniCoursePlanning", "P10.SoftUniCoursePlanning\P10.SoftUniCoursePlanning.csproj", "{6CC9635A-943D-4C80-B9B9-EE87B43C6B46}"
EndProject
Global
	GlobalSection(SolutionConfigurationPlatforms) = preSolution
		Debug|Any CPU = Debug|Any CPU
		Release|Any CPU = Release|Any CPU
	EndGlobalSection
	GlobalSection(ProjectConfigurationPlatforms) = postSolution
		{41CA1356-A0DF-40AF-845E-1026E7F767CC}.Debug|Any CPU.ActiveCfg = Debug|Any CPU
		{41CA1356-A0DF-40AF-845E-1026E7F767CC}.Debug|Any CPU.Build.0 = Debug|Any CPU
		{41CA1356-A0DF-40AF-845E-1026E7F767CC}.Release|Any CPU.ActiveCfg = Release|Any CPU
		{41CA1356-A0DF-40AF-845E-1026E7F767CC}.Release|Any CPU.Build.0 = Release|Any CPU
		{87AF68FA-1402-47B0-BA8C-E09855460613}.Debug|Any CPU.ActiveCfg = Debug|Any CPU
		{87AF68FA-1402-47B0-BA8C-E09855460613}.Debug|Any CPU.Build.0 = Debug|Any CPU
		{87AF68FA-1402-47B0-BA8C-E09855460613}.Release|Any CPU.ActiveCfg = Release|Any CPU
		{87AF68FA-1402-47B0-BA8C-E09855460613}.Release|Any CPU.Build.0 = Release|Any CPU
		{23D1C29A-A99A-4590-8112-E50AAFED18B9}.Debug|Any CPU.ActiveCfg = Debug|Any CPU
		{23D1C29A-A99A-4590-8112-E50AAFED18B9}.Debug|Any CPU.Build.0 = Debug|Any CPU
		{23D1C29A-A99A-4590-8112-E50AAFED18B9}.Release|Any CPU.ActiveCfg = Release|Any CPU
		{23D1C29A-A99A-4590-8112-E50AAFED18B9}.Release|Any CPU.Build.0 = Release|Any CPU
		{6CD509E3-5D0B-44C2-9CE8-C6339EC254F0}.Debug|Any CPU.ActiveCfg = Debug|Any CPU
		{6CD509E3-5D0B-44C2-9CE8-C6339EC254F0}.Debug|Any CPU.Build.0 = Debug|Any CPU
		{6CD509E3-5D0B-44C2-9CE8-C6339EC254F0}.Release|Any CPU.ActiveCfg = Release|Any CPU
		{6CD509E3-5D0B-44C2-9CE8-C6339EC254F0}.Release|Any CPU.Build.0 = Release|Any CPU
		{C69A6C11-79B9-4CCA-B2A9-25B2C242E93D}.Debug|Any CPU.ActiveCfg = Debug|Any CPU
		{C69A6C11-79B9-4CCA-B2A9-25B2C242E93D}.Debug|Any CPU.Build.0 = Debug|Any CPU
		{C69A6C11-79B9-4CCA-B2A9-25B2C242E93D}.Release|Any CPU.ActiveCfg = Release|Any CPU
		{C69A6C11-79B9-4CCA-B2A9-25B2C242E93D}.Release|Any CPU.Build.0 = Release|Any CPU
		{96BD6BDE-3AD4-4014-B5D2-5D2CB4DB5951}.Debug|Any CPU.ActiveCfg = Debug|Any CPU
		{96BD6BDE-3AD4-4014-B5D2-5D2CB4DB5951}.Debug|Any CPU.Build.0 = Debug|Any CPU
		{96BD6BDE-3AD4-4014-B5D2-5D2CB4DB5951}.Release|Any CPU.ActiveCfg = Release|Any CPU
		{96BD6BDE-3AD4-4014-B5D2-5D2CB4DB5951}.Release|Any CPU.Build.0 = Release|Any CPU
		{A573FC44-CC08-4636-8868-6D97EC201CA0}.Debug|Any CPU.ActiveCfg = Debug|Any CPU
		{A573FC44-CC08-4636-8868-6D97EC201CA0}.Debug|Any CPU.Build.0 = Debug|Any CPU
		{A573FC44-CC08-4636-8868-6D97EC201CA0}.Release|Any CPU.ActiveCfg = Release|Any CPU
		{A573FC44-CC08-4636-8868-6D97EC201CA0}.Release|Any CPU.Build.0 = Release|Any CPU
		{D357CF94-A4FB-4590-B2AD-6BD919B2A4BB}.Debug|Any CPU.ActiveCfg = Debug|Any CPU
		{D357CF94-A4FB-4590-B2AD-6BD919B2A4BB}.Debug|Any CPU.Build.0 = Debug|Any CPU
		{D357CF94-A4FB-4590-B2AD-6BD919B2A4BB}.Release|Any CPU.ActiveCfg = Release|Any CPU
		{D357CF94-A4FB-4590-B2AD-6BD919B2A4BB}.Release|Any CPU.Build.0 = Release|Any CPU
		{D6691168-BCC6-4913-B9B5-17967A4F0947}.Debug|Any CPU.ActiveCfg = Debug|Any CPU
		{D6691168-BCC6-4913-B9B5-17967A4F0947}.Debug|Any CPU.Build.0 = Debug|Any CPU
		{D6691168-BCC6-4913-B9B5-17967A4F0947}.Release|Any CPU.ActiveCfg = Release|Any CPU
		{D6691168-BCC6-4913-B9B5-17967A4F0947}.Release|Any CPU.Build.0 = Release|Any CPU
		{6CC9635A-943D-4C80-B9B9-EE87B43C6B46}.Debug|Any CPU.ActiveCfg = Debug|Any CPU
		{6CC9635A-943D-4C80-B9B9-EE87B43C6B46}.Debug|Any CPU.Build.0 = Debug|Any CPU
		{6CC9635A-943D-4C80-B9B9-EE87B43C6B46}.Release|Any CPU.ActiveCfg = Release|Any CPU
		{6CC9635A-943D-4C80-B9B9-EE87B43C6B46}.Release|Any CPU.Build.0 = Release|Any CPU
	EndGlobalSection
	GlobalSection(SolutionProperties) = preSolution
		HideSolutionNode = FALSE
	EndGlobalSection
	GlobalSection(ExtensibilityGlobals) = postSolution
		SolutionGuid = {287B0976-75E0-4F7B-A49B-89C102570697}
	EndGlobalSection
EndGlobal
