
Microsoft Visual Studio Solution File, Format Version 12.00
# Visual Studio 15
VisualStudioVersion = 15.0.28307.102
MinimumVisualStudioVersion = 10.0.40219.1
Project("{9A19103F-16F7-4668-BE54-9A1E7A4F7556}") = "P01.StudentInformation", "P01.StudentInformation\P01.StudentInformation.csproj", "{53471906-B1D6-417A-9079-75AB606C793A}"
EndProject
Project("{FAE04EC0-301F-11D3-BF4B-00C04F79EFBC}") = "P02.Passed", "P02.Passed\P02.Passed.csproj", "{75709163-B0E2-434D-A37B-A92977EDF9CB}"
EndProject
Project("{FAE04EC0-301F-11D3-BF4B-00C04F79EFBC}") = "P03.PassedOrFailed", "P03.PassedOrFailed\P03.PassedOrFailed.csproj", "{8793AE0F-B4C2-46EF-AD4B-4EFCC19FF85A}"
EndProject
Project("{FAE04EC0-301F-11D3-BF4B-00C04F79EFBC}") = "P04.BackIn30Minutes", "P04.BackIn30Minutes\P04.BackIn30Minutes.csproj", "{1137D391-6ACE-457C-81D7-8C7B7E541959}"
EndProject
Project("{FAE04EC0-301F-11D3-BF4B-00C04F79EFBC}") = "P05.MonthPrinter", "P05.MonthPrinter\P05.MonthPrinter.csproj", "{C05F1FAB-8F41-452F-8414-048D6E8504EB}"
EndProject
Project("{FAE04EC0-301F-11D3-BF4B-00C04F79EFBC}") = "P06.ForeignLanguages", "P06.ForeignLanguages\P06.ForeignLanguages.csproj", "{096D194D-B126-46FD-8908-BF577DB69776}"
EndProject
Project("{FAE04EC0-301F-11D3-BF4B-00C04F79EFBC}") = "P07.TheatrePromotions", "P07.TheatrePromotions\P07.TheatrePromotions.csproj", "{3588D578-046F-4C77-B929-4C54B28CDD1F}"
EndProject
Project("{FAE04EC0-301F-11D3-BF4B-00C04F79EFBC}") = "P08.DivisibleBy3", "P08.DivisibleBy3\P08.DivisibleBy3.csproj", "{D20B818F-413A-41F5-946D-4B822CC746ED}"
EndProject
Global
	GlobalSection(SolutionConfigurationPlatforms) = preSolution
		Debug|Any CPU = Debug|Any CPU
		Release|Any CPU = Release|Any CPU
	EndGlobalSection
	GlobalSection(ProjectConfigurationPlatforms) = postSolution
		{53471906-B1D6-417A-9079-75AB606C793A}.Debug|Any CPU.ActiveCfg = Debug|Any CPU
		{53471906-B1D6-417A-9079-75AB606C793A}.Debug|Any CPU.Build.0 = Debug|Any CPU
		{53471906-B1D6-417A-9079-75AB606C793A}.Release|Any CPU.ActiveCfg = Release|Any CPU
		{53471906-B1D6-417A-9079-75AB606C793A}.Release|Any CPU.Build.0 = Release|Any CPU
		{75709163-B0E2-434D-A37B-A92977EDF9CB}.Debug|Any CPU.ActiveCfg = Debug|Any CPU
		{75709163-B0E2-434D-A37B-A92977EDF9CB}.Debug|Any CPU.Build.0 = Debug|Any CPU
		{75709163-B0E2-434D-A37B-A92977EDF9CB}.Release|Any CPU.ActiveCfg = Release|Any CPU
		{75709163-B0E2-434D-A37B-A92977EDF9CB}.Release|Any CPU.Build.0 = Release|Any CPU
		{8793AE0F-B4C2-46EF-AD4B-4EFCC19FF85A}.Debug|Any CPU.ActiveCfg = Debug|Any CPU
		{8793AE0F-B4C2-46EF-AD4B-4EFCC19FF85A}.Debug|Any CPU.Build.0 = Debug|Any CPU
		{8793AE0F-B4C2-46EF-AD4B-4EFCC19FF85A}.Release|Any CPU.ActiveCfg = Release|Any CPU
		{8793AE0F-B4C2-46EF-AD4B-4EFCC19FF85A}.Release|Any CPU.Build.0 = Release|Any CPU
		{1137D391-6ACE-457C-81D7-8C7B7E541959}.Debug|Any CPU.ActiveCfg = Debug|Any CPU
		{1137D391-6ACE-457C-81D7-8C7B7E541959}.Debug|Any CPU.Build.0 = Debug|Any CPU
		{1137D391-6ACE-457C-81D7-8C7B7E541959}.Release|Any CPU.ActiveCfg = Release|Any CPU
		{1137D391-6ACE-457C-81D7-8C7B7E541959}.Release|Any CPU.Build.0 = Release|Any CPU
		{C05F1FAB-8F41-452F-8414-048D6E8504EB}.Debug|Any CPU.ActiveCfg = Debug|Any CPU
		{C05F1FAB-8F41-452F-8414-048D6E8504EB}.Debug|Any CPU.Build.0 = Debug|Any CPU
		{C05F1FAB-8F41-452F-8414-048D6E8504EB}.Release|Any CPU.ActiveCfg = Release|Any CPU
		{C05F1FAB-8F41-452F-8414-048D6E8504EB}.Release|Any CPU.Build.0 = Release|Any CPU
		{096D194D-B126-46FD-8908-BF577DB69776}.Debug|Any CPU.ActiveCfg = Debug|Any CPU
		{096D194D-B126-46FD-8908-BF577DB69776}.Debug|Any CPU.Build.0 = Debug|Any CPU
		{096D194D-B126-46FD-8908-BF577DB69776}.Release|Any CPU.ActiveCfg = Release|Any CPU
		{096D194D-B126-46FD-8908-BF577DB69776}.Release|Any CPU.Build.0 = Release|Any CPU
		{3588D578-046F-4C77-B929-4C54B28CDD1F}.Debug|Any CPU.ActiveCfg = Debug|Any CPU
		{3588D578-046F-4C77-B929-4C54B28CDD1F}.Debug|Any CPU.Build.0 = Debug|Any CPU
		{3588D578-046F-4C77-B929-4C54B28CDD1F}.Release|Any CPU.ActiveCfg = Release|Any CPU
		{3588D578-046F-4C77-B929-4C54B28CDD1F}.Release|Any CPU.Build.0 = Release|Any CPU
		{D20B818F-413A-41F5-946D-4B822CC746ED}.Debug|Any CPU.ActiveCfg = Debug|Any CPU
		{D20B818F-413A-41F5-946D-4B822CC746ED}.Debug|Any CPU.Build.0 = Debug|Any CPU
		{D20B818F-413A-41F5-946D-4B822CC746ED}.Release|Any CPU.ActiveCfg = Release|Any CPU
		{D20B818F-413A-41F5-946D-4B822CC746ED}.Release|Any CPU.Build.0 = Release|Any CPU
	EndGlobalSection
	GlobalSection(SolutionProperties) = preSolution
		HideSolutionNode = FALSE
	EndGlobalSection
	GlobalSection(ExtensibilityGlobals) = postSolution
		SolutionGuid = {37057D27-A61D-4810-8E77-46818C4D202D}
	EndGlobalSection
EndGlobal
