
Microsoft Visual Studio Solution File, Format Version 12.00
# Visual Studio 15
VisualStudioVersion = 15.0.28307.102
MinimumVisualStudioVersion = 10.0.40219.1
Project("{FAE04EC0-301F-11D3-BF4B-00C04F79EFBC}") = "P01.SumDigits", "P01.SumDigits\P01.SumDigits.csproj", "{7F631DA3-6BBE-46C4-A6BA-1B5BF8BBC5F7}"
EndProject
Project("{FAE04EC0-301F-11D3-BF4B-00C04F79EFBC}") = "P02.CharsToString", "P02.CharsToString\P02.CharsToString.csproj", "{558B4530-D054-4508-87EA-ED519EFEA9BC}"
EndProject
Project("{FAE04EC0-301F-11D3-BF4B-00C04F79EFBC}") = "P03.TownInfo", "P03.TownInfo\P03.TownInfo.csproj", "{C12CD061-5138-4125-BB13-286ECEB2CA6A}"
EndProject
Project("{FAE04EC0-301F-11D3-BF4B-00C04F79EFBC}") = "P04.ConvertMetersToKilometers", "P04.ConvertMetersToKilometers\P04.ConvertMetersToKilometers.csproj", "{B1B51978-C50E-4A89-B0D9-8F6BBF647639}"
EndProject
Project("{FAE04EC0-301F-11D3-BF4B-00C04F79EFBC}") = "P05.PoundsToDollars", "P05.PoundsToDollars\P05.PoundsToDollars.csproj", "{867E67CD-217B-4FDA-8B22-2707BE90A74E}"
EndProject
Global
	GlobalSection(SolutionConfigurationPlatforms) = preSolution
		Debug|Any CPU = Debug|Any CPU
		Release|Any CPU = Release|Any CPU
	EndGlobalSection
	GlobalSection(ProjectConfigurationPlatforms) = postSolution
		{7F631DA3-6BBE-46C4-A6BA-1B5BF8BBC5F7}.Debug|Any CPU.ActiveCfg = Debug|Any CPU
		{7F631DA3-6BBE-46C4-A6BA-1B5BF8BBC5F7}.Debug|Any CPU.Build.0 = Debug|Any CPU
		{7F631DA3-6BBE-46C4-A6BA-1B5BF8BBC5F7}.Release|Any CPU.ActiveCfg = Release|Any CPU
		{7F631DA3-6BBE-46C4-A6BA-1B5BF8BBC5F7}.Release|Any CPU.Build.0 = Release|Any CPU
		{558B4530-D054-4508-87EA-ED519EFEA9BC}.Debug|Any CPU.ActiveCfg = Debug|Any CPU
		{558B4530-D054-4508-87EA-ED519EFEA9BC}.Debug|Any CPU.Build.0 = Debug|Any CPU
		{558B4530-D054-4508-87EA-ED519EFEA9BC}.Release|Any CPU.ActiveCfg = Release|Any CPU
		{558B4530-D054-4508-87EA-ED519EFEA9BC}.Release|Any CPU.Build.0 = Release|Any CPU
		{C12CD061-5138-4125-BB13-286ECEB2CA6A}.Debug|Any CPU.ActiveCfg = Debug|Any CPU
		{C12CD061-5138-4125-BB13-286ECEB2CA6A}.Debug|Any CPU.Build.0 = Debug|Any CPU
		{C12CD061-5138-4125-BB13-286ECEB2CA6A}.Release|Any CPU.ActiveCfg = Release|Any CPU
		{C12CD061-5138-4125-BB13-286ECEB2CA6A}.Release|Any CPU.Build.0 = Release|Any CPU
		{B1B51978-C50E-4A89-B0D9-8F6BBF647639}.Debug|Any CPU.ActiveCfg = Debug|Any CPU
		{B1B51978-C50E-4A89-B0D9-8F6BBF647639}.Debug|Any CPU.Build.0 = Debug|Any CPU
		{B1B51978-C50E-4A89-B0D9-8F6BBF647639}.Release|Any CPU.ActiveCfg = Release|Any CPU
		{B1B51978-C50E-4A89-B0D9-8F6BBF647639}.Release|Any CPU.Build.0 = Release|Any CPU
		{867E67CD-217B-4FDA-8B22-2707BE90A74E}.Debug|Any CPU.ActiveCfg = Debug|Any CPU
		{867E67CD-217B-4FDA-8B22-2707BE90A74E}.Debug|Any CPU.Build.0 = Debug|Any CPU
		{867E67CD-217B-4FDA-8B22-2707BE90A74E}.Release|Any CPU.ActiveCfg = Release|Any CPU
		{867E67CD-217B-4FDA-8B22-2707BE90A74E}.Release|Any CPU.Build.0 = Release|Any CPU
	EndGlobalSection
	GlobalSection(SolutionProperties) = preSolution
		HideSolutionNode = FALSE
	EndGlobalSection
	GlobalSection(ExtensibilityGlobals) = postSolution
		SolutionGuid = {9E9F7B2B-53CF-4468-981C-3EC4E51E46A9}
	EndGlobalSection
EndGlobal
