
Microsoft Visual Studio Solution File, Format Version 12.00
# Visual Studio 15
VisualStudioVersion = 15.0.28307.136
MinimumVisualStudioVersion = 10.0.40219.1
Project("{FAE04EC0-301F-11D3-BF4B-00C04F79EFBC}") = "P01.ReverseStrings", "P01.ReverseStrings\P01.ReverseStrings.csproj", "{10E3A5B3-08E3-44A6-BEEA-DF5012990AAF}"
EndProject
Project("{FAE04EC0-301F-11D3-BF4B-00C04F79EFBC}") = "P02.RepeatStrings", "P02.RepeatStrings\P02.RepeatStrings.csproj", "{B43DD832-314E-4D5A-9649-9CEEFB4F8FCE}"
EndProject
Project("{FAE04EC0-301F-11D3-BF4B-00C04F79EFBC}") = "P03.Substring", "P03.Substring\P03.Substring.csproj", "{33C4F90B-B5D3-41B1-998F-712D1BE6646F}"
EndProject
Project("{FAE04EC0-301F-11D3-BF4B-00C04F79EFBC}") = "P04.TextFilter", "P04.TextFilter\P04.TextFilter.csproj", "{0C55C19D-5225-4B96-A137-DAD5B6623FC4}"
EndProject
Global
	GlobalSection(SolutionConfigurationPlatforms) = preSolution
		Debug|Any CPU = Debug|Any CPU
		Release|Any CPU = Release|Any CPU
	EndGlobalSection
	GlobalSection(ProjectConfigurationPlatforms) = postSolution
		{10E3A5B3-08E3-44A6-BEEA-DF5012990AAF}.Debug|Any CPU.ActiveCfg = Debug|Any CPU
		{10E3A5B3-08E3-44A6-BEEA-DF5012990AAF}.Debug|Any CPU.Build.0 = Debug|Any CPU
		{10E3A5B3-08E3-44A6-BEEA-DF5012990AAF}.Release|Any CPU.ActiveCfg = Release|Any CPU
		{10E3A5B3-08E3-44A6-BEEA-DF5012990AAF}.Release|Any CPU.Build.0 = Release|Any CPU
		{B43DD832-314E-4D5A-9649-9CEEFB4F8FCE}.Debug|Any CPU.ActiveCfg = Debug|Any CPU
		{B43DD832-314E-4D5A-9649-9CEEFB4F8FCE}.Debug|Any CPU.Build.0 = Debug|Any CPU
		{B43DD832-314E-4D5A-9649-9CEEFB4F8FCE}.Release|Any CPU.ActiveCfg = Release|Any CPU
		{B43DD832-314E-4D5A-9649-9CEEFB4F8FCE}.Release|Any CPU.Build.0 = Release|Any CPU
		{33C4F90B-B5D3-41B1-998F-712D1BE6646F}.Debug|Any CPU.ActiveCfg = Debug|Any CPU
		{33C4F90B-B5D3-41B1-998F-712D1BE6646F}.Debug|Any CPU.Build.0 = Debug|Any CPU
		{33C4F90B-B5D3-41B1-998F-712D1BE6646F}.Release|Any CPU.ActiveCfg = Release|Any CPU
		{33C4F90B-B5D3-41B1-998F-712D1BE6646F}.Release|Any CPU.Build.0 = Release|Any CPU
		{0C55C19D-5225-4B96-A137-DAD5B6623FC4}.Debug|Any CPU.ActiveCfg = Debug|Any CPU
		{0C55C19D-5225-4B96-A137-DAD5B6623FC4}.Debug|Any CPU.Build.0 = Debug|Any CPU
		{0C55C19D-5225-4B96-A137-DAD5B6623FC4}.Release|Any CPU.ActiveCfg = Release|Any CPU
		{0C55C19D-5225-4B96-A137-DAD5B6623FC4}.Release|Any CPU.Build.0 = Release|Any CPU
	EndGlobalSection
	GlobalSection(SolutionProperties) = preSolution
		HideSolutionNode = FALSE
	EndGlobalSection
	GlobalSection(ExtensibilityGlobals) = postSolution
		SolutionGuid = {2DD89EC3-96A3-4652-A768-9B2914820ACB}
	EndGlobalSection
EndGlobal
