
Microsoft Visual Studio Solution File, Format Version 12.00
# Visual Studio 15
VisualStudioVersion = 15.0.28307.102
MinimumVisualStudioVersion = 10.0.40219.1
Project("{9A19103F-16F7-4668-BE54-9A1E7A4F7556}") = "P01.IntegerOperations", "P01.IntegerOperations\P01.IntegerOperations.csproj", "{CFA22601-AF86-4C96-87BB-BE0507CE4BE0}"
EndProject
Project("{FAE04EC0-301F-11D3-BF4B-00C04F79EFBC}") = "P02.CircleArea", "P02.CircleArea\P02.CircleArea.csproj", "{5C59D5F8-A861-40CE-89B7-BFBC9B5E2D41}"
EndProject
Global
	GlobalSection(SolutionConfigurationPlatforms) = preSolution
		Debug|Any CPU = Debug|Any CPU
		Release|Any CPU = Release|Any CPU
	EndGlobalSection
	GlobalSection(ProjectConfigurationPlatforms) = postSolution
		{CFA22601-AF86-4C96-87BB-BE0507CE4BE0}.Debug|Any CPU.ActiveCfg = Debug|Any CPU
		{CFA22601-AF86-4C96-87BB-BE0507CE4BE0}.Debug|Any CPU.Build.0 = Debug|Any CPU
		{CFA22601-AF86-4C96-87BB-BE0507CE4BE0}.Release|Any CPU.ActiveCfg = Release|Any CPU
		{CFA22601-AF86-4C96-87BB-BE0507CE4BE0}.Release|Any CPU.Build.0 = Release|Any CPU
		{5C59D5F8-A861-40CE-89B7-BFBC9B5E2D41}.Debug|Any CPU.ActiveCfg = Debug|Any CPU
		{5C59D5F8-A861-40CE-89B7-BFBC9B5E2D41}.Debug|Any CPU.Build.0 = Debug|Any CPU
		{5C59D5F8-A861-40CE-89B7-BFBC9B5E2D41}.Release|Any CPU.ActiveCfg = Release|Any CPU
		{5C59D5F8-A861-40CE-89B7-BFBC9B5E2D41}.Release|Any CPU.Build.0 = Release|Any CPU
	EndGlobalSection
	GlobalSection(SolutionProperties) = preSolution
		HideSolutionNode = FALSE
	EndGlobalSection
	GlobalSection(ExtensibilityGlobals) = postSolution
		SolutionGuid = {097B8E23-C9DA-42B0-8CA6-25F9968AF249}
	EndGlobalSection
EndGlobal
